# THIS IS AN AUTOGENERATED FILE. DO NOT EDIT THIS FILE DIRECTLY.
# yarn lockfile v1


base64url@3.x.x:
  version "3.0.1"
  resolved "https://registry.yarnpkg.com/base64url/-/base64url-3.0.1.tgz#6399d572e2bc3f90a9a8b22d5dbb0a32d33f788d"
  integrity sha512-ir1UPr3dkwexU7FdV8qBBbNDRUhMmIekYMFZfi+C/sLNnRESKPl23nB9b2pltqfOQNnGzsDdId90AEtG5tCx4A==

oauth@0.9.x:
  version "0.9.15"
  resolved "https://registry.yarnpkg.com/oauth/-/oauth-0.9.15.tgz#bd1fefaf686c96b75475aed5196412ff60cfb9c1"
  integrity sha1-vR/vr2hslrdUda7VGWQS/2DPucE=

passport-google-oauth1@1.x.x:
  version "1.0.0"
  resolved "https://registry.yarnpkg.com/passport-google-oauth1/-/passport-google-oauth1-1.0.0.tgz#af74a803df51ec646f66a44d82282be6f108e0cc"
  integrity sha1-r3SoA99R7GRvZqRNgigr5vEI4Mw=
  dependencies:
    passport-oauth1 "1.x.x"

passport-google-oauth20@2.x.x:
  version "2.0.0"
  resolved "https://registry.yarnpkg.com/passport-google-oauth20/-/passport-google-oauth20-2.0.0.tgz#0d241b2d21ebd3dc7f2b60669ec4d587e3a674ef"
  integrity sha512-KSk6IJ15RoxuGq7D1UKK/8qKhNfzbLeLrG3gkLZ7p4A6DBCcv7xpyQwuXtWdpyR0+E0mwkpjY1VfPOhxQrKzdQ==
  dependencies:
    passport-oauth2 "1.x.x"

passport-google-oauth@^2.0.0:
  version "2.0.0"
  resolved "https://registry.yarnpkg.com/passport-google-oauth/-/passport-google-oauth-2.0.0.tgz#f6eb4bc96dd6c16ec0ecfdf4e05ec48ca54d4dae"
  integrity sha512-JKxZpBx6wBQXX1/a1s7VmdBgwOugohH+IxCy84aPTZNq/iIPX6u7Mqov1zY7MKRz3niFPol0KJz8zPLBoHKtYA==
  dependencies:
    passport-google-oauth1 "1.x.x"
    passport-google-oauth20 "2.x.x"

passport-oauth1@1.x.x:
  version "1.1.0"
  resolved "https://registry.yarnpkg.com/passport-oauth1/-/passport-oauth1-1.1.0.tgz#a7de988a211f9cf4687377130ea74df32730c918"
  integrity sha1-p96YiiEfnPRoc3cTDqdN8ycwyRg=
  dependencies:
    oauth "0.9.x"
    passport-strategy "1.x.x"
    utils-merge "1.x.x"

passport-oauth2@1.x.x:
  version "1.5.0"
  resolved "https://registry.yarnpkg.com/passport-oauth2/-/passport-oauth2-1.5.0.tgz#64babbb54ac46a4dcab35e7f266ed5294e3c4108"
  integrity sha512-kqBt6vR/5VlCK8iCx1/KpY42kQ+NEHZwsSyt4Y6STiNjU+wWICG1i8ucc1FapXDGO15C5O5VZz7+7vRzrDPXXQ==
  dependencies:
    base64url "3.x.x"
    oauth "0.9.x"
    passport-strategy "1.x.x"
    uid2 "0.0.x"
    utils-merge "1.x.x"

passport-remember-me@^0.0.1:
  version "0.0.1"
  resolved "https://registry.yarnpkg.com/passport-remember-me/-/passport-remember-me-0.0.1.tgz#0aa6095c82480f44619456aef363ccb929bc2bc3"
  integrity sha1-CqYJXIJID0RhlFau82PMuSm8K8M=
  dependencies:
    passport "~0.1.1"
    pkginfo "0.2.x"

passport-strategy@1.x.x:
  version "1.0.0"
  resolved "https://registry.yarnpkg.com/passport-strategy/-/passport-strategy-1.0.0.tgz#b5539aa8fc225a3d1ad179476ddf236b440f52e4"
  integrity sha1-tVOaqPwiWj0a0XlHbd8ja0QPUuQ=

passport@~0.1.1:
  version "0.1.18"
  resolved "https://registry.yarnpkg.com/passport/-/passport-0.1.18.tgz#c8264479dcb6414cadbb66752d12b37e0b6525a1"
  integrity sha1-yCZEedy2QUytu2Z1LRKzfgtlJaE=
  dependencies:
    pause "0.0.1"
    pkginfo "0.2.x"

pause@0.0.1:
  version "0.0.1"
  resolved "https://registry.yarnpkg.com/pause/-/pause-0.0.1.tgz#1d408b3fdb76923b9543d96fb4c9dfd535d9cb5d"
  integrity sha1-HUCLP9t2kjuVQ9lvtMnf1TXZy10=

pkginfo@0.2.x:
  version "0.2.3"
  resolved "https://registry.yarnpkg.com/pkginfo/-/pkginfo-0.2.3.tgz#7239c42a5ef6c30b8f328439d9b9ff71042490f8"
  integrity sha1-cjnEKl72wwuPMoQ52bn/cQQkkPg=

uid2@0.0.x:
  version "0.0.3"
  resolved "https://registry.yarnpkg.com/uid2/-/uid2-0.0.3.tgz#483126e11774df2f71b8b639dcd799c376162b82"
  integrity sha1-SDEm4Rd03y9xuLY53NeZw3YWK4I=

utils-merge@1.x.x:
  version "1.0.1"
  resolved "https://registry.yarnpkg.com/utils-merge/-/utils-merge-1.0.1.tgz#9f95710f50a267947b2ccc124741c1028427e713"
  integrity sha1-n5VxD1CiZ5R7LMwSR0HBAoQn5xM=
